
Microsoft Visual Studio Solution File, Format Version 12.00
# Visual Studio 15
VisualStudioVersion = 15.0.26730.15
MinimumVisualStudioVersion = 10.0.40219.1
Project("{E24C65DC-7377-472B-9ABA-BC803B73C61A}") = "DSTUM", ".", "{6F8B706F-C309-4476-A596-9CF256A0F934}"
	ProjectSection(WebsiteProperties) = preProject
		TargetFrameworkMoniker = ".NETFramework,Version%3Dv4.5"
		Debug.AspNetCompiler.VirtualPath = "/localhost_59568"
		Debug.AspNetCompiler.PhysicalPath = "D:\kachara\DSTUM\"
		Debug.AspNetCompiler.TargetPath = "PrecompiledWeb\localhost_59568\"
		Debug.AspNetCompiler.Updateable = "true"
		Debug.AspNetCompiler.ForceOverwrite = "true"
		Debug.AspNetCompiler.FixedNames = "false"
		Debug.AspNetCompiler.Debug = "True"
		Release.AspNetCompiler.VirtualPath = "/localhost_59568"
		Release.AspNetCompiler.PhysicalPath = "D:\kachara\DSTUM\"
		Release.AspNetCompiler.TargetPath = "PrecompiledWeb\localhost_59568\"
		Release.AspNetCompiler.Updateable = "true"
		Release.AspNetCompiler.ForceOverwrite = "true"
		Release.AspNetCompiler.FixedNames = "false"
		Release.AspNetCompiler.Debug = "False"
		VWDPort = "59568"
	EndProjectSection
EndProject
Global
	GlobalSection(SolutionConfigurationPlatforms) = preSolution
		Debug|Any CPU = Debug|Any CPU
	EndGlobalSection
	GlobalSection(ProjectConfigurationPlatforms) = postSolution
		{6F8B706F-C309-4476-A596-9CF256A0F934}.Debug|Any CPU.ActiveCfg = Debug|Any CPU
		{6F8B706F-C309-4476-A596-9CF256A0F934}.Debug|Any CPU.Build.0 = Debug|Any CPU
	EndGlobalSection
	GlobalSection(SolutionProperties) = preSolution
		HideSolutionNode = FALSE
	EndGlobalSection
	GlobalSection(ExtensibilityGlobals) = postSolution
		SolutionGuid = {FCF238EC-EB26-4B5D-B3C0-FE8E4A550D67}
	EndGlobalSection
EndGlobal
